
Microsoft Visual Studio Solution File, Format Version 12.00
# Visual Studio Version 17
VisualStudioVersion = 17.4.33110.190
MinimumVisualStudioVersion = 10.0.40219.1
Project("{FAE04EC0-301F-11D3-BF4B-00C04F79EFBC}") = "Championship-Internal-Front", "Championship-Internal-Front\Championship-Internal-Front.csproj", "{BADA067D-8E0A-4898-BDFA-E8DD9475CFA5}"
EndProject
Global
	GlobalSection(SolutionConfigurationPlatforms) = preSolution
		Debug|Any CPU = Debug|Any CPU
		Release|Any CPU = Release|Any CPU
	EndGlobalSection
	GlobalSection(ProjectConfigurationPlatforms) = postSolution
		{BADA067D-8E0A-4898-BDFA-E8DD9475CFA5}.Debug|Any CPU.ActiveCfg = Debug|Any CPU
		{BADA067D-8E0A-4898-BDFA-E8DD9475CFA5}.Debug|Any CPU.Build.0 = Debug|Any CPU
		{BADA067D-8E0A-4898-BDFA-E8DD9475CFA5}.Release|Any CPU.ActiveCfg = Release|Any CPU
		{BADA067D-8E0A-4898-BDFA-E8DD9475CFA5}.Release|Any CPU.Build.0 = Release|Any CPU
	EndGlobalSection
	GlobalSection(SolutionProperties) = preSolution
		HideSolutionNode = FALSE
	EndGlobalSection
	GlobalSection(ExtensibilityGlobals) = postSolution
		SolutionGuid = {4B888E0D-0354-4E55-9B48-8F811E693A8C}
	EndGlobalSection
EndGlobal
